
Microsoft Visual Studio Solution File, Format Version 12.00
# Visual Studio Version 16
VisualStudioVersion = 16.0.28917.182
MinimumVisualStudioVersion = 15.0.26124.0
Project("{9A19103F-16F7-4668-BE54-9A1E7A4F7556}") = "BasicConsole01", "BasicConsole01\BasicConsole01.csproj", "{546601E3-27B2-4D76-B2E9-958918A7A846}"
EndProject
Project("{FAE04EC0-301F-11D3-BF4B-00C04F79EFBC}") = "CommonLib", "CommonLib\CommonLib.csproj", "{8E53CA9E-7E9B-460D-A200-AA6E2E5B3DFB}"
EndProject
Project("{FAE04EC0-301F-11D3-BF4B-00C04F79EFBC}") = "UnitTest01", "UnitTest01\UnitTest01.csproj", "{EB939D70-4D26-4597-9E31-96BF13C523CE}"
EndProject
Global
	GlobalSection(SolutionConfigurationPlatforms) = preSolution
		Debug|Any CPU = Debug|Any CPU
		Debug|x64 = Debug|x64
		Debug|x86 = Debug|x86
		Release|Any CPU = Release|Any CPU
		Release|x64 = Release|x64
		Release|x86 = Release|x86
	EndGlobalSection
	GlobalSection(ProjectConfigurationPlatforms) = postSolution
		{546601E3-27B2-4D76-B2E9-958918A7A846}.Debug|Any CPU.ActiveCfg = Debug|Any CPU
		{546601E3-27B2-4D76-B2E9-958918A7A846}.Debug|Any CPU.Build.0 = Debug|Any CPU
		{546601E3-27B2-4D76-B2E9-958918A7A846}.Debug|x64.ActiveCfg = Debug|Any CPU
		{546601E3-27B2-4D76-B2E9-958918A7A846}.Debug|x64.Build.0 = Debug|Any CPU
		{546601E3-27B2-4D76-B2E9-958918A7A846}.Debug|x86.ActiveCfg = Debug|Any CPU
		{546601E3-27B2-4D76-B2E9-958918A7A846}.Debug|x86.Build.0 = Debug|Any CPU
		{546601E3-27B2-4D76-B2E9-958918A7A846}.Release|Any CPU.ActiveCfg = Release|Any CPU
		{546601E3-27B2-4D76-B2E9-958918A7A846}.Release|Any CPU.Build.0 = Release|Any CPU
		{546601E3-27B2-4D76-B2E9-958918A7A846}.Release|x64.ActiveCfg = Release|Any CPU
		{546601E3-27B2-4D76-B2E9-958918A7A846}.Release|x64.Build.0 = Release|Any CPU
		{546601E3-27B2-4D76-B2E9-958918A7A846}.Release|x86.ActiveCfg = Release|Any CPU
		{546601E3-27B2-4D76-B2E9-958918A7A846}.Release|x86.Build.0 = Release|Any CPU
		{8E53CA9E-7E9B-460D-A200-AA6E2E5B3DFB}.Debug|Any CPU.ActiveCfg = Debug|Any CPU
		{8E53CA9E-7E9B-460D-A200-AA6E2E5B3DFB}.Debug|Any CPU.Build.0 = Debug|Any CPU
		{8E53CA9E-7E9B-460D-A200-AA6E2E5B3DFB}.Debug|x64.ActiveCfg = Debug|Any CPU
		{8E53CA9E-7E9B-460D-A200-AA6E2E5B3DFB}.Debug|x64.Build.0 = Debug|Any CPU
		{8E53CA9E-7E9B-460D-A200-AA6E2E5B3DFB}.Debug|x86.ActiveCfg = Debug|Any CPU
		{8E53CA9E-7E9B-460D-A200-AA6E2E5B3DFB}.Debug|x86.Build.0 = Debug|Any CPU
		{8E53CA9E-7E9B-460D-A200-AA6E2E5B3DFB}.Release|Any CPU.ActiveCfg = Release|Any CPU
		{8E53CA9E-7E9B-460D-A200-AA6E2E5B3DFB}.Release|Any CPU.Build.0 = Release|Any CPU
		{8E53CA9E-7E9B-460D-A200-AA6E2E5B3DFB}.Release|x64.ActiveCfg = Release|Any CPU
		{8E53CA9E-7E9B-460D-A200-AA6E2E5B3DFB}.Release|x64.Build.0 = Release|Any CPU
		{8E53CA9E-7E9B-460D-A200-AA6E2E5B3DFB}.Release|x86.ActiveCfg = Release|Any CPU
		{8E53CA9E-7E9B-460D-A200-AA6E2E5B3DFB}.Release|x86.Build.0 = Release|Any CPU
		{EB939D70-4D26-4597-9E31-96BF13C523CE}.Debug|Any CPU.ActiveCfg = Debug|Any CPU
		{EB939D70-4D26-4597-9E31-96BF13C523CE}.Debug|Any CPU.Build.0 = Debug|Any CPU
		{EB939D70-4D26-4597-9E31-96BF13C523CE}.Debug|x64.ActiveCfg = Debug|Any CPU
		{EB939D70-4D26-4597-9E31-96BF13C523CE}.Debug|x64.Build.0 = Debug|Any CPU
		{EB939D70-4D26-4597-9E31-96BF13C523CE}.Debug|x86.ActiveCfg = Debug|Any CPU
		{EB939D70-4D26-4597-9E31-96BF13C523CE}.Debug|x86.Build.0 = Debug|Any CPU
		{EB939D70-4D26-4597-9E31-96BF13C523CE}.Release|Any CPU.ActiveCfg = Release|Any CPU
		{EB939D70-4D26-4597-9E31-96BF13C523CE}.Release|Any CPU.Build.0 = Release|Any CPU
		{EB939D70-4D26-4597-9E31-96BF13C523CE}.Release|x64.ActiveCfg = Release|Any CPU
		{EB939D70-4D26-4597-9E31-96BF13C523CE}.Release|x64.Build.0 = Release|Any CPU
		{EB939D70-4D26-4597-9E31-96BF13C523CE}.Release|x86.ActiveCfg = Release|Any CPU
		{EB939D70-4D26-4597-9E31-96BF13C523CE}.Release|x86.Build.0 = Release|Any CPU
	EndGlobalSection
	GlobalSection(SolutionProperties) = preSolution
		HideSolutionNode = FALSE
	EndGlobalSection
	GlobalSection(ExtensibilityGlobals) = postSolution
		SolutionGuid = {903A43FF-49A6-4944-9396-059686A7DB2F}
	EndGlobalSection
EndGlobal
